
Microsoft Visual Studio Solution File, Format Version 12.00
# Visual Studio Version 17
VisualStudioVersion = 17.1.31911.260
MinimumVisualStudioVersion = 10.0.40219.1
Project("{8BC9CEB8-8B4A-11D0-8D11-00A0C91BC942}") = "Lab1C++", "Lab1C++\Lab1C++.vcxproj", "{BD4EA730-65B4-4830-A8AD-6C6C11B95FE5}"
EndProject
Project("{888888A0-9F3D-457C-B088-3A5042F75D52}") = "Lab1Py", "Lab1Py\Lab1Py.pyproj", "{330FFD2F-86FB-4867-966B-3CA632F350AF}"
EndProject
Project("{8BC9CEB8-8B4A-11D0-8D11-00A0C91BC942}") = "Lab2C++", "Lab2C++\Lab2C++.vcxproj", "{DF8C6E20-7E3A-4F49-95A5-3301F5B8F598}"
EndProject
Project("{888888A0-9F3D-457C-B088-3A5042F75D52}") = "Lab1.2Py", "Lab1.2Py\Lab1.2Py.pyproj", "{766965B7-C982-4907-AE52-25707A060774}"
EndProject
Project("{888888A0-9F3D-457C-B088-3A5042F75D52}") = "Lab2Py", "Lab2Py\Lab2Py.pyproj", "{F5F72B04-4E27-4115-8183-5F3EA4224EEE}"
EndProject
Project("{8BC9CEB8-8B4A-11D0-8D11-00A0C91BC942}") = "Lab3C++", "Lab3C++\Lab3C++.vcxproj", "{334983D9-D3AD-48EC-B2B7-A0FE2A19F2D2}"
EndProject
Project("{8BC9CEB8-8B4A-11D0-8D11-00A0C91BC942}") = "Lab4C++", "Lab4C++\Lab4C++.vcxproj", "{F3512217-BCEF-456D-9D01-00EC0DE5027D}"
EndProject
Project("{8BC9CEB8-8B4A-11D0-8D11-00A0C91BC942}") = "Lab5C++", "Lab5C++\Lab5C++.vcxproj", "{6E62D8D2-F98F-471B-A449-0CF2CBC8A10D}"
EndProject
Global
	GlobalSection(SolutionConfigurationPlatforms) = preSolution
		Debug|Any CPU = Debug|Any CPU
		Debug|x64 = Debug|x64
		Debug|x86 = Debug|x86
		Release|Any CPU = Release|Any CPU
		Release|x64 = Release|x64
		Release|x86 = Release|x86
	EndGlobalSection
	GlobalSection(ProjectConfigurationPlatforms) = postSolution
		{BD4EA730-65B4-4830-A8AD-6C6C11B95FE5}.Debug|Any CPU.ActiveCfg = Debug|x64
		{BD4EA730-65B4-4830-A8AD-6C6C11B95FE5}.Debug|Any CPU.Build.0 = Debug|x64
		{BD4EA730-65B4-4830-A8AD-6C6C11B95FE5}.Debug|x64.ActiveCfg = Debug|x64
		{BD4EA730-65B4-4830-A8AD-6C6C11B95FE5}.Debug|x64.Build.0 = Debug|x64
		{BD4EA730-65B4-4830-A8AD-6C6C11B95FE5}.Debug|x86.ActiveCfg = Debug|Win32
		{BD4EA730-65B4-4830-A8AD-6C6C11B95FE5}.Debug|x86.Build.0 = Debug|Win32
		{BD4EA730-65B4-4830-A8AD-6C6C11B95FE5}.Release|Any CPU.ActiveCfg = Release|x64
		{BD4EA730-65B4-4830-A8AD-6C6C11B95FE5}.Release|Any CPU.Build.0 = Release|x64
		{BD4EA730-65B4-4830-A8AD-6C6C11B95FE5}.Release|x64.ActiveCfg = Release|x64
		{BD4EA730-65B4-4830-A8AD-6C6C11B95FE5}.Release|x64.Build.0 = Release|x64
		{BD4EA730-65B4-4830-A8AD-6C6C11B95FE5}.Release|x86.ActiveCfg = Release|Win32
		{BD4EA730-65B4-4830-A8AD-6C6C11B95FE5}.Release|x86.Build.0 = Release|Win32
		{330FFD2F-86FB-4867-966B-3CA632F350AF}.Debug|Any CPU.ActiveCfg = Debug|Any CPU
		{330FFD2F-86FB-4867-966B-3CA632F350AF}.Debug|x64.ActiveCfg = Debug|Any CPU
		{330FFD2F-86FB-4867-966B-3CA632F350AF}.Debug|x86.ActiveCfg = Debug|Any CPU
		{330FFD2F-86FB-4867-966B-3CA632F350AF}.Release|Any CPU.ActiveCfg = Release|Any CPU
		{330FFD2F-86FB-4867-966B-3CA632F350AF}.Release|x64.ActiveCfg = Release|Any CPU
		{330FFD2F-86FB-4867-966B-3CA632F350AF}.Release|x86.ActiveCfg = Release|Any CPU
		{DF8C6E20-7E3A-4F49-95A5-3301F5B8F598}.Debug|Any CPU.ActiveCfg = Debug|x64
		{DF8C6E20-7E3A-4F49-95A5-3301F5B8F598}.Debug|Any CPU.Build.0 = Debug|x64
		{DF8C6E20-7E3A-4F49-95A5-3301F5B8F598}.Debug|x64.ActiveCfg = Debug|x64
		{DF8C6E20-7E3A-4F49-95A5-3301F5B8F598}.Debug|x64.Build.0 = Debug|x64
		{DF8C6E20-7E3A-4F49-95A5-3301F5B8F598}.Debug|x86.ActiveCfg = Debug|Win32
		{DF8C6E20-7E3A-4F49-95A5-3301F5B8F598}.Debug|x86.Build.0 = Debug|Win32
		{DF8C6E20-7E3A-4F49-95A5-3301F5B8F598}.Release|Any CPU.ActiveCfg = Release|x64
		{DF8C6E20-7E3A-4F49-95A5-3301F5B8F598}.Release|Any CPU.Build.0 = Release|x64
		{DF8C6E20-7E3A-4F49-95A5-3301F5B8F598}.Release|x64.ActiveCfg = Release|x64
		{DF8C6E20-7E3A-4F49-95A5-3301F5B8F598}.Release|x64.Build.0 = Release|x64
		{DF8C6E20-7E3A-4F49-95A5-3301F5B8F598}.Release|x86.ActiveCfg = Release|Win32
		{DF8C6E20-7E3A-4F49-95A5-3301F5B8F598}.Release|x86.Build.0 = Release|Win32
		{766965B7-C982-4907-AE52-25707A060774}.Debug|Any CPU.ActiveCfg = Debug|Any CPU
		{766965B7-C982-4907-AE52-25707A060774}.Debug|x64.ActiveCfg = Debug|Any CPU
		{766965B7-C982-4907-AE52-25707A060774}.Debug|x86.ActiveCfg = Debug|Any CPU
		{766965B7-C982-4907-AE52-25707A060774}.Release|Any CPU.ActiveCfg = Release|Any CPU
		{766965B7-C982-4907-AE52-25707A060774}.Release|x64.ActiveCfg = Release|Any CPU
		{766965B7-C982-4907-AE52-25707A060774}.Release|x86.ActiveCfg = Release|Any CPU
		{F5F72B04-4E27-4115-8183-5F3EA4224EEE}.Debug|Any CPU.ActiveCfg = Debug|Any CPU
		{F5F72B04-4E27-4115-8183-5F3EA4224EEE}.Debug|x64.ActiveCfg = Debug|Any CPU
		{F5F72B04-4E27-4115-8183-5F3EA4224EEE}.Debug|x86.ActiveCfg = Debug|Any CPU
		{F5F72B04-4E27-4115-8183-5F3EA4224EEE}.Release|Any CPU.ActiveCfg = Release|Any CPU
		{F5F72B04-4E27-4115-8183-5F3EA4224EEE}.Release|x64.ActiveCfg = Release|Any CPU
		{F5F72B04-4E27-4115-8183-5F3EA4224EEE}.Release|x86.ActiveCfg = Release|Any CPU
		{334983D9-D3AD-48EC-B2B7-A0FE2A19F2D2}.Debug|Any CPU.ActiveCfg = Debug|x64
		{334983D9-D3AD-48EC-B2B7-A0FE2A19F2D2}.Debug|Any CPU.Build.0 = Debug|x64
		{334983D9-D3AD-48EC-B2B7-A0FE2A19F2D2}.Debug|x64.ActiveCfg = Debug|x64
		{334983D9-D3AD-48EC-B2B7-A0FE2A19F2D2}.Debug|x64.Build.0 = Debug|x64
		{334983D9-D3AD-48EC-B2B7-A0FE2A19F2D2}.Debug|x86.ActiveCfg = Debug|Win32
		{334983D9-D3AD-48EC-B2B7-A0FE2A19F2D2}.Debug|x86.Build.0 = Debug|Win32
		{334983D9-D3AD-48EC-B2B7-A0FE2A19F2D2}.Release|Any CPU.ActiveCfg = Release|x64
		{334983D9-D3AD-48EC-B2B7-A0FE2A19F2D2}.Release|Any CPU.Build.0 = Release|x64
		{334983D9-D3AD-48EC-B2B7-A0FE2A19F2D2}.Release|x64.ActiveCfg = Release|x64
		{334983D9-D3AD-48EC-B2B7-A0FE2A19F2D2}.Release|x64.Build.0 = Release|x64
		{334983D9-D3AD-48EC-B2B7-A0FE2A19F2D2}.Release|x86.ActiveCfg = Release|Win32
		{334983D9-D3AD-48EC-B2B7-A0FE2A19F2D2}.Release|x86.Build.0 = Release|Win32
		{F3512217-BCEF-456D-9D01-00EC0DE5027D}.Debug|Any CPU.ActiveCfg = Debug|x64
		{F3512217-BCEF-456D-9D01-00EC0DE5027D}.Debug|Any CPU.Build.0 = Debug|x64
		{F3512217-BCEF-456D-9D01-00EC0DE5027D}.Debug|x64.ActiveCfg = Debug|x64
		{F3512217-BCEF-456D-9D01-00EC0DE5027D}.Debug|x64.Build.0 = Debug|x64
		{F3512217-BCEF-456D-9D01-00EC0DE5027D}.Debug|x86.ActiveCfg = Debug|Win32
		{F3512217-BCEF-456D-9D01-00EC0DE5027D}.Debug|x86.Build.0 = Debug|Win32
		{F3512217-BCEF-456D-9D01-00EC0DE5027D}.Release|Any CPU.ActiveCfg = Release|x64
		{F3512217-BCEF-456D-9D01-00EC0DE5027D}.Release|Any CPU.Build.0 = Release|x64
		{F3512217-BCEF-456D-9D01-00EC0DE5027D}.Release|x64.ActiveCfg = Release|x64
		{F3512217-BCEF-456D-9D01-00EC0DE5027D}.Release|x64.Build.0 = Release|x64
		{F3512217-BCEF-456D-9D01-00EC0DE5027D}.Release|x86.ActiveCfg = Release|Win32
		{F3512217-BCEF-456D-9D01-00EC0DE5027D}.Release|x86.Build.0 = Release|Win32
		{6E62D8D2-F98F-471B-A449-0CF2CBC8A10D}.Debug|Any CPU.ActiveCfg = Debug|x64
		{6E62D8D2-F98F-471B-A449-0CF2CBC8A10D}.Debug|Any CPU.Build.0 = Debug|x64
		{6E62D8D2-F98F-471B-A449-0CF2CBC8A10D}.Debug|x64.ActiveCfg = Debug|x64
		{6E62D8D2-F98F-471B-A449-0CF2CBC8A10D}.Debug|x64.Build.0 = Debug|x64
		{6E62D8D2-F98F-471B-A449-0CF2CBC8A10D}.Debug|x86.ActiveCfg = Debug|Win32
		{6E62D8D2-F98F-471B-A449-0CF2CBC8A10D}.Debug|x86.Build.0 = Debug|Win32
		{6E62D8D2-F98F-471B-A449-0CF2CBC8A10D}.Release|Any CPU.ActiveCfg = Release|x64
		{6E62D8D2-F98F-471B-A449-0CF2CBC8A10D}.Release|Any CPU.Build.0 = Release|x64
		{6E62D8D2-F98F-471B-A449-0CF2CBC8A10D}.Release|x64.ActiveCfg = Release|x64
		{6E62D8D2-F98F-471B-A449-0CF2CBC8A10D}.Release|x64.Build.0 = Release|x64
		{6E62D8D2-F98F-471B-A449-0CF2CBC8A10D}.Release|x86.ActiveCfg = Release|Win32
		{6E62D8D2-F98F-471B-A449-0CF2CBC8A10D}.Release|x86.Build.0 = Release|Win32
	EndGlobalSection
	GlobalSection(SolutionProperties) = preSolution
		HideSolutionNode = FALSE
	EndGlobalSection
	GlobalSection(ExtensibilityGlobals) = postSolution
		SolutionGuid = {4130192B-FFF2-4AA4-A5CB-DB3B4943C9D5}
	EndGlobalSection
EndGlobal
